<?xml version="1.0" encoding="utf-8"?>
<Project ToolsVersion="4.0" xmlns="http://schemas.microsoft.com/developer/msbuild/2003">
  <ItemGroup>
    <Filter Include="Resource Files">
      <UniqueIdentifier>{67DA6AB6-F800-4c08-8B7A-83BB121AAD01}</UniqueIdentifier>
      <Extensions>rc;ico;cur;bmp;dlg;rc2;rct;bin;rgs;gif;jpg;jpeg;jpe;resx;tiff;tif;png;wav;mfcribbon-ms</Extensions>
    </Filter>
    <Filter Include="WinMain">
      <UniqueIdentifier>{26f82463-50a7-41c6-93c4-47332c7b3485}</UniqueIdentifier>
    </Filter>
    <Filter Include="DX">
      <UniqueIdentifier>{e8fd77ce-84ad-4f6b-bc5d-92168c439e0a}</UniqueIdentifier>
    </Filter>
    <Filter Include="base">
      <UniqueIdentifier>{81d9d94e-2be9-4c30-8549-d0e1d4b836de}</UniqueIdentifier>
    </Filter>
    <Filter Include="Tower">
      <UniqueIdentifier>{16a183e0-aea2-4adf-8341-412addab62a7}</UniqueIdentifier>
    </Filter>
    <Filter Include="Camera">
      <UniqueIdentifier>{3a7d6a06-9906-467d-8970-d35ec325ceca}</UniqueIdentifier>
    </Filter>
    <Filter Include="Component">
      <UniqueIdentifier>{f3ec9c92-9229-42e8-83db-43f633ac3199}</UniqueIdentifier>
    </Filter>
    <Filter Include="System">
      <UniqueIdentifier>{47f3c65b-2a87-46f0-9ef8-b2087187c27a}</UniqueIdentifier>
    </Filter>
    <Filter Include="Animation">
      <UniqueIdentifier>{a4e4279a-456e-4d21-acdc-eefefcf8ff3c}</UniqueIdentifier>
    </Filter>
    <Filter Include="World">
      <UniqueIdentifier>{023661de-46d5-4ed8-ba95-14261cb59f02}</UniqueIdentifier>
    </Filter>
    <Filter Include="Render">
      <UniqueIdentifier>{498b5da0-a993-4ba2-9989-7fb139bb831b}</UniqueIdentifier>
    </Filter>
    <Filter Include="Render\tk">
      <UniqueIdentifier>{63bd5f89-b9c0-4c4f-aca9-7ffa96f468df}</UniqueIdentifier>
    </Filter>
    <Filter Include="Render\shader file">
      <UniqueIdentifier>{b56ff540-3143-49d7-abcf-b0c66c0095d8}</UniqueIdentifier>
    </Filter>
    <Filter Include="Render\imGui">
      <UniqueIdentifier>{0754eabe-2832-4b8f-b0ad-dcf6efb4f707}</UniqueIdentifier>
    </Filter>
    <Filter Include="Render\imGui\lib">
      <UniqueIdentifier>{6a16adf7-842d-481f-aa49-d14deeb440d9}</UniqueIdentifier>
    </Filter>
  </ItemGroup>
  <ItemGroup>
    <ClInclude Include="tk\DDS.h">
      <Filter>Render\tk</Filter>
    </ClInclude>
    <ClInclude Include="tk\DDSTextureLoader.h">
      <Filter>Render\tk</Filter>
    </ClInclude>
    <ClInclude Include="tk\DirectXHelpers.h">
      <Filter>Render\tk</Filter>
    </ClInclude>
    <ClInclude Include="tk\LoaderHelpers.h">
      <Filter>Render\tk</Filter>
    </ClInclude>
    <ClInclude Include="tk\PlatformHelpers.h">
      <Filter>Render\tk</Filter>
    </ClInclude>
    <ClInclude Include="tk\WICTextureLoader.h">
      <Filter>Render\tk</Filter>
    </ClInclude>
    <ClInclude Include="framework.h">
      <Filter>WinMain</Filter>
    </ClInclude>
    <ClInclude Include="Nine0.h">
      <Filter>WinMain</Filter>
    </ClInclude>
    <ClInclude Include="pch.h">
      <Filter>WinMain</Filter>
    </ClInclude>
    <ClInclude Include="Resource.h">
      <Filter>WinMain</Filter>
    </ClInclude>
    <ClInclude Include="targetver.h">
      <Filter>WinMain</Filter>
    </ClInclude>
    <ClInclude Include="IGame.h">
      <Filter>DX</Filter>
    </ClInclude>
    <ClInclude Include="base\RefObject.h">
      <Filter>base</Filter>
    </ClInclude>
    <ClInclude Include="base\MathBase.h">
      <Filter>base</Filter>
    </ClInclude>
    <ClInclude Include="base\Vec2.h">
      <Filter>base</Filter>
    </ClInclude>
    <ClInclude Include="renderer\ConstantBuffer.h">
      <Filter>Render</Filter>
    </ClInclude>
    <ClInclude Include="renderer\Dx2DRenderable.h">
      <Filter>Render</Filter>
    </ClInclude>
    <ClInclude Include="renderer\Dx2DRenderer.h">
      <Filter>Render</Filter>
    </ClInclude>
    <ClInclude Include="renderer\DxShader.h">
      <Filter>Render</Filter>
    </ClInclude>
    <ClInclude Include="renderer\DxTexture.h">
      <Filter>Render</Filter>
    </ClInclude>
    <ClInclude Include="renderer\DxWindow.h">
      <Filter>Render</Filter>
    </ClInclude>
    <ClInclude Include="renderer\Quad.h">
      <Filter>Render</Filter>
    </ClInclude>
    <ClInclude Include="preDefines.h" />
    <ClInclude Include="DemoGame1.h">
      <Filter>World</Filter>
    </ClInclude>
    <ClInclude Include="Actor1.h">
      <Filter>World</Filter>
    </ClInclude>
    <ClInclude Include="base\MyUtils.h">
      <Filter>base</Filter>
    </ClInclude>
    <ClInclude Include="AnimationData.h">
      <Filter>Animation</Filter>
    </ClInclude>
    <ClInclude Include="animation_data\Ultra_AD.h">
      <Filter>Animation</Filter>
    </ClInclude>
    <ClInclude Include="Components_tower.h">
      <Filter>Tower</Filter>
    </ClInclude>
    <ClInclude Include="System_tower.h">
      <Filter>Tower</Filter>
    </ClInclude>
    <ClInclude Include="imgui\imconfig.h">
      <Filter>Render\imGui\lib</Filter>
    </ClInclude>
    <ClInclude Include="imgui\imgui.h">
      <Filter>Render\imGui\lib</Filter>
    </ClInclude>
    <ClInclude Include="imgui\imgui_impl_dx11.h">
      <Filter>Render\imGui\lib</Filter>
    </ClInclude>
    <ClInclude Include="imgui\imgui_impl_win32.h">
      <Filter>Render\imGui\lib</Filter>
    </ClInclude>
    <ClInclude Include="imgui\imgui_internal.h">
      <Filter>Render\imGui\lib</Filter>
    </ClInclude>
    <ClInclude Include="DxImGui.h">
      <Filter>Render\imGui</Filter>
    </ClInclude>
    <ClInclude Include="animation_data\Farmer_AD.h">
      <Filter>Animation</Filter>
    </ClInclude>
    <ClInclude Include="Sys_Render.h">
      <Filter>System</Filter>
    </ClInclude>
    <ClInclude Include="Sys_Movement.h">
      <Filter>System</Filter>
    </ClInclude>
    <ClInclude Include="Components.h">
      <Filter>Component</Filter>
    </ClInclude>
    <ClInclude Include="Components_inline.h">
      <Filter>Component</Filter>
    </ClInclude>
    <ClInclude Include="Camera.h">
      <Filter>Camera</Filter>
    </ClInclude>
    <ClInclude Include="CreateEntity.h">
      <Filter>System</Filter>
    </ClInclude>
    <ClInclude Include="CollisionMap1.h">
      <Filter>System</Filter>
    </ClInclude>
  </ItemGroup>
  <ItemGroup>
    <ClCompile Include="tk\DDSTextureLoader.cpp">
      <Filter>Render\tk</Filter>
    </ClCompile>
    <ClCompile Include="tk\WICTextureLoader.cpp">
      <Filter>Render\tk</Filter>
    </ClCompile>
    <ClCompile Include="Main.cpp">
      <Filter>WinMain</Filter>
    </ClCompile>
    <ClCompile Include="pch.cpp">
      <Filter>WinMain</Filter>
    </ClCompile>
    <ClCompile Include="base\Vec2.cpp">
      <Filter>base</Filter>
    </ClCompile>
    <ClCompile Include="renderer\Dx2DRenderer.cpp">
      <Filter>Render</Filter>
    </ClCompile>
    <ClCompile Include="renderer\DxShader.cpp">
      <Filter>Render</Filter>
    </ClCompile>
    <ClCompile Include="renderer\DxTexture.cpp">
      <Filter>Render</Filter>
    </ClCompile>
    <ClCompile Include="renderer\DxWindow.cpp">
      <Filter>Render</Filter>
    </ClCompile>
    <ClCompile Include="renderer\Quad.cpp">
      <Filter>Render</Filter>
    </ClCompile>
    <ClCompile Include="DemoGame1.cpp">
      <Filter>World</Filter>
    </ClCompile>
    <ClCompile Include="Actor1.cpp">
      <Filter>World</Filter>
    </ClCompile>
    <ClCompile Include="base\MyUtils.cpp">
      <Filter>base</Filter>
    </ClCompile>
    <ClCompile Include="imgui\imgui.cpp">
      <Filter>Render\imGui\lib</Filter>
    </ClCompile>
    <ClCompile Include="imgui\imgui_demo.cpp">
      <Filter>Render\imGui\lib</Filter>
    </ClCompile>
    <ClCompile Include="imgui\imgui_draw.cpp">
      <Filter>Render\imGui\lib</Filter>
    </ClCompile>
    <ClCompile Include="imgui\imgui_impl_dx11.cpp">
      <Filter>Render\imGui\lib</Filter>
    </ClCompile>
    <ClCompile Include="imgui\imgui_impl_win32.cpp">
      <Filter>Render\imGui\lib</Filter>
    </ClCompile>
    <ClCompile Include="imgui\imgui_tables.cpp">
      <Filter>Render\imGui\lib</Filter>
    </ClCompile>
    <ClCompile Include="imgui\imgui_widgets.cpp">
      <Filter>Render\imGui\lib</Filter>
    </ClCompile>
    <ClCompile Include="DxImGui.cpp">
      <Filter>Render\imGui</Filter>
    </ClCompile>
    <ClCompile Include="ECSystem.cpp">
      <Filter>System</Filter>
    </ClCompile>
    <ClCompile Include="Camera.cpp">
      <Filter>Camera</Filter>
    </ClCompile>
    <ClCompile Include="Components.cpp">
      <Filter>Component</Filter>
    </ClCompile>
    <ClCompile Include="CollisionMap1.cpp">
      <Filter>System</Filter>
    </ClCompile>
  </ItemGroup>
  <ItemGroup>
    <ResourceCompile Include="Nine0.rc">
      <Filter>Resource Files</Filter>
    </ResourceCompile>
  </ItemGroup>
  <ItemGroup>
    <Image Include="small.ico">
      <Filter>Resource Files</Filter>
    </Image>
    <Image Include="Nine0.ico">
      <Filter>Resource Files</Filter>
    </Image>
  </ItemGroup>
  <ItemGroup>
    <FxCompile Include="PS.hlsl">
      <Filter>Render\shader file</Filter>
    </FxCompile>
    <FxCompile Include="VS.hlsl">
      <Filter>Render\shader file</Filter>
    </FxCompile>
    <FxCompile Include="PS_color.hlsl">
      <Filter>Render\shader file</Filter>
    </FxCompile>
  </ItemGroup>
  <ItemGroup>
    <None Include="tk\SimpleMath.inl">
      <Filter>Render\tk</Filter>
    </None>
  </ItemGroup>
</Project>